{
  "version": 4,
  "terraform_version": "1.9.8",
  "serial": 21,
  "lineage": "464a43b2-21cb-d709-c06b-3caaa7439118",
  "outputs": {},
  "resources": [
    {
      "mode": "managed",
      "type": "google_container_cluster",
      "name": "my_cluster",
      "provider": "provider[\"registry.terraform.io/hashicorp/google\"]",
      "instances": [
        {
          "schema_version": 2,
          "attributes": {
            "addons_config": [
              {
                "cloudrun_config": [],
                "config_connector_config": [],
                "dns_cache_config": [],
                "gce_persistent_disk_csi_driver_config": [
                  {
                    "enabled": true
                  }
                ],
                "gcp_filestore_csi_driver_config": [],
                "gcs_fuse_csi_driver_config": [],
                "gke_backup_agent_config": [],
                "horizontal_pod_autoscaling": [],
                "http_load_balancing": [],
                "network_policy_config": [
                  {
                    "disabled": true
                  }
                ],
                "parallelstore_csi_driver_config": [],
                "ray_operator_config": [],
                "stateful_ha_config": []
              }
            ],
            "allow_net_admin": null,
            "authenticator_groups_config": [],
            "binary_authorization": [
              {
                "enabled": false,
                "evaluation_mode": ""
              }
            ],
            "cluster_autoscaling": [
              {
                "auto_provisioning_defaults": [],
                "auto_provisioning_locations": [],
                "autoscaling_profile": "BALANCED",
                "enabled": false,
                "resource_limits": []
              }
            ],
            "cluster_ipv4_cidr": "10.72.0.0/14",
            "confidential_nodes": [],
            "control_plane_endpoints_config": [
              {
                "dns_endpoint_config": [
                  {
                    "allow_external_traffic": false,
                    "endpoint": "gke-169685ab565c453db017bc52945df050d171-365750068155.asia-east1-a.gke.goog"
                  }
                ]
              }
            ],
            "cost_management_config": [],
            "database_encryption": [
              {
                "key_name": "",
                "state": "DECRYPTED"
              }
            ],
            "datapath_provider": "",
            "default_max_pods_per_node": 110,
            "default_snat_status": [
              {
                "disabled": false
              }
            ],
            "deletion_protection": false,
            "description": "",
            "dns_config": [],
            "effective_labels": {
              "goog-terraform-provisioned": "true"
            },
            "enable_autopilot": false,
            "enable_cilium_clusterwide_network_policy": false,
            "enable_fqdn_network_policy": false,
            "enable_intranode_visibility": false,
            "enable_k8s_beta_apis": [],
            "enable_kubernetes_alpha": false,
            "enable_l4_ilb_subsetting": false,
            "enable_legacy_abac": false,
            "enable_multi_networking": false,
            "enable_shielded_nodes": true,
            "enable_tpu": false,
            "endpoint": "35.229.241.187",
            "enterprise_config": [
              {
                "cluster_tier": "STANDARD",
                "desired_tier": ""
              }
            ],
            "fleet": [],
            "gateway_api_config": [],
            "id": "projects/tw-rd-de-finn/locations/asia-east1-a/clusters/cluster-1",
            "identity_service_config": [],
            "initial_node_count": 1,
            "ip_allocation_policy": [
              {
                "additional_pod_ranges_config": [],
                "cluster_ipv4_cidr_block": "10.72.0.0/14",
                "cluster_secondary_range_name": "gke-cluster-1-pods-169685ab",
                "pod_cidr_overprovision_config": [
                  {
                    "disabled": false
                  }
                ],
                "services_ipv4_cidr_block": "34.118.224.0/20",
                "services_secondary_range_name": "",
                "stack_type": "IPV4"
              }
            ],
            "label_fingerprint": "78cdf2f6",
            "location": "asia-east1-a",
            "logging_config": [
              {
                "enable_components": [
                  "SYSTEM_COMPONENTS",
                  "WORKLOADS"
                ]
              }
            ],
            "logging_service": "logging.googleapis.com/kubernetes",
            "maintenance_policy": [],
            "master_auth": [
              {
                "client_certificate": "",
                "client_certificate_config": [
                  {
                    "issue_client_certificate": false
                  }
                ],
                "client_key": "",
                "cluster_ca_certificate": "LS0tLS1CRUdJTiBDRVJUSUZJQ0FURS0tLS0tCk1JSUVMRENDQXBTZ0F3SUJBZ0lRYVM4elErdGt6bFpPcmZNRitBTjh5akFOQmdrcWhraUc5dzBCQVFzRkFEQXYKTVMwd0t3WURWUVFERXlReVpXVTFOekJrTWkwMU9UbGpMVFF3TjJRdFltWTRaUzA1TlRObFkyRTJZbU0xWm1FdwpJQmNOTWpVd016QTVNRE14TlRReldoZ1BNakExTlRBek1ESXdOREUxTkROYU1DOHhMVEFyQmdOVkJBTVRKREpsClpUVTNNR1F5TFRVNU9XTXROREEzWkMxaVpqaGxMVGsxTTJWallUWmlZelZtWVRDQ0FhSXdEUVlKS29aSWh2Y04KQVFFQkJRQURnZ0dQQURDQ0FZb0NnZ0dCQU14SGgreG44MmZ0d1VUQitlbnhHMWYxbXpxZ2NSQkhhbzdNT1ZtWApiNUxHNFVBc2NHNnEyb3phZnBqYVVQVFhRRFNvUU1ML1B0cnI4Nml6citxaWdJLyt2NktLR3M4NVhxUzBzQXFEClFNM0Z5TjBGeFV0Ym1ENFNqMC9BZ1lnZU5XV0o1b3V5a0swUFlBVGFSRitkclRDSVBFcnhrSmdzc2lsYnJHZmEKaTI0VHBtckNSeXErSUVkdmoxSzBVWWRVZEpHc25PUmpUNEplMHMzMG9TUTBtSFo3OU9wV2NvcEZ6MXNsam9WSwpzUkkwc1VDZG9OTWhQazladDQ0cXMrdkRmeHhGaEp0NkphTWdwOWxqT2lCME96UkI3SUF1bDFwSWIxL21wSzEvCnZKSW1TTkc2TUhjWE5tWmptTkhlV0ZESXZUY0JxTUt2T1dhL1ljclo1U2huQXlmWjlLYmR1Q2QwNS9aNHFycXMKOUhCV0NFNXFTa1lpTXJPcGVlRkFOdXBZNHRCdEg0NnhYSzN4UW1NYkZ2U3pCQmFkNkZqZ05NL0xGa3JKeFJ0YQpFQkJxTnlDcDNvM3BNNXRaQUZuSTNNa1dSUjhzcGk0UWtkclRLNnQ3N3U1NkxBNVJFWjhtWUd3bjJDSGN5YnN0ClVTNGY5SHVTaGtGUUpBNG12K1BXOVBiSHFRSURBUUFCbzBJd1FEQU9CZ05WSFE4QkFmOEVCQU1DQWdRd0R3WUQKVlIwVEFRSC9CQVV3QXdFQi96QWRCZ05WSFE0RUZnUVVSZ2o5dFZlSE5XeU4vMlk3RHBMQXk2MVNJZE13RFFZSgpLb1pJaHZjTkFRRUxCUUFEZ2dHQkFJam5PN093elVKMmVQWExYWitUK3J0c0Y5YUVpWWh2N0JybVZhWlpYdEtoCnpURThBRnUrZEFQNi9vQlJ0NGFmdDBWQ1J4a24xK2JyenVQUWRsVHFkRlU4ZGZnaXIwZi82U0NCT0FWQjFXeXgKUGZ3Q0lNVE92Ri9JNE9CSEpZYWVNWlRSaGtQdFpKemlaajc4bmJNWFVEMjViOWVPNDFQdUUrZGkzYzZsQ2dMRAowN0tCYXF6eFgzVVpVMTRLNllMMC9qNWt0NDFqaTlvYThFTGZORnpvUTdROW51cXNsMllsaXQ0Mk9tWTJoVGlBCmV5OFZoR2JQRDNYTlcrRkF0dTcrK1M0ZWpjbE96NFhWQUowdGRObHZYMWRvU1RHTytsckdpT2ZSNzBwQjZFOE4KK05SMWR1SmN6dERrYUwrbWpoL3VON0MreEc1V1FKUnBhSm8wcXUyTUNHQ3NWMjl2TEpDbWUrcHdPNlc0VWFIVApoMWNwdlhTQWdHby9KYkpjWkRLY216SnZnZ1JTWGFlYSsySlJxY0UrUVRyTkZHSTZjZE5qR2NMa2xDaUVKVFViCkZDYVg1bXJrMU9FSXVXYklYZVJBYzFwUDcycUtWWk5iODJicU94VUpsVDhVdmp6YWxoTUpzRHVrMVp4VGhoY0kKNmNpOEMyL012Q0RuYmw3cUs5SjBxUT09Ci0tLS0tRU5EIENFUlRJRklDQVRFLS0tLS0K"
              }
            ],
            "master_authorized_networks_config": [
              {
                "cidr_blocks": [
                  {
                    "cidr_block": "125.227.248.241/32",
                    "display_name": "cm"
                  },
                  {
                    "cidr_block": "180.177.8.10/32",
                    "display_name": "home"
                  },
                  {
                    "cidr_block": "42.77.243.251/32",
                    "display_name": "mobile"
                  }
                ],
                "gcp_public_cidrs_access_enabled": false,
                "private_endpoint_enforcement_enabled": false
              }
            ],
            "master_version": "1.31.5-gke.1233000",
            "mesh_certificates": [],
            "min_master_version": null,
            "monitoring_config": [
              {
                "advanced_datapath_observability_config": [
                  {
                    "enable_metrics": false,
                    "enable_relay": false
                  }
                ],
                "enable_components": [
                  "SYSTEM_COMPONENTS",
                  "STORAGE",
                  "POD",
                  "DEPLOYMENT",
                  "STATEFULSET",
                  "DAEMONSET",
                  "HPA",
                  "CADVISOR",
                  "KUBELET"
                ],
                "managed_prometheus": [
                  {
                    "enabled": true
                  }
                ]
              }
            ],
            "monitoring_service": "monitoring.googleapis.com/kubernetes",
            "name": "cluster-1",
            "network": "projects/tw-rd-de-finn/global/networks/default",
            "network_policy": [
              {
                "enabled": false,
                "provider": "PROVIDER_UNSPECIFIED"
              }
            ],
            "networking_mode": "VPC_NATIVE",
            "node_config": [
              {
                "advanced_machine_features": [
                  {
                    "enable_nested_virtualization": false,
                    "threads_per_core": 0
                  }
                ],
                "boot_disk_kms_key": "",
                "confidential_nodes": [],
                "containerd_config": [],
                "disk_size_gb": 100,
                "disk_type": "pd-balanced",
                "effective_taints": [],
                "enable_confidential_storage": false,
                "ephemeral_storage_local_ssd_config": [],
                "fast_socket": [],
                "gcfs_config": [],
                "guest_accelerator": [],
                "gvnic": [],
                "host_maintenance_policy": [],
                "image_type": "COS_CONTAINERD",
                "kubelet_config": [
                  {
                    "allowed_unsafe_sysctls": [],
                    "container_log_max_files": 0,
                    "container_log_max_size": "",
                    "cpu_cfs_quota": false,
                    "cpu_cfs_quota_period": "",
                    "cpu_manager_policy": "",
                    "image_gc_high_threshold_percent": 0,
                    "image_gc_low_threshold_percent": 0,
                    "image_maximum_gc_age": "",
                    "image_minimum_gc_age": "",
                    "insecure_kubelet_readonly_port_enabled": "TRUE",
                    "pod_pids_limit": 0
                  }
                ],
                "labels": {},
                "linux_node_config": [],
                "local_nvme_ssd_block_config": [],
                "local_ssd_count": 0,
                "local_ssd_encryption_mode": "",
                "logging_variant": "DEFAULT",
                "machine_type": "e2-medium",
                "max_run_duration": "",
                "metadata": {
                  "disable-legacy-endpoints": "true"
                },
                "min_cpu_platform": "",
                "node_group": "",
                "oauth_scopes": [
                  "https://www.googleapis.com/auth/devstorage.read_only",
                  "https://www.googleapis.com/auth/logging.write",
                  "https://www.googleapis.com/auth/monitoring",
                  "https://www.googleapis.com/auth/service.management.readonly",
                  "https://www.googleapis.com/auth/servicecontrol",
                  "https://www.googleapis.com/auth/trace.append"
                ],
                "preemptible": false,
                "reservation_affinity": [],
                "resource_labels": {
                  "goog-gke-node-pool-provisioning-model": "spot"
                },
                "resource_manager_tags": {},
                "secondary_boot_disks": [],
                "service_account": "default",
                "shielded_instance_config": [
                  {
                    "enable_integrity_monitoring": true,
                    "enable_secure_boot": false
                  }
                ],
                "sole_tenant_config": [],
                "spot": true,
                "storage_pools": [],
                "tags": [],
                "taint": [],
                "workload_metadata_config": []
              }
            ],
            "node_locations": [],
            "node_pool": [
              {
                "autoscaling": [],
                "initial_node_count": 1,
                "instance_group_urls": [
                  "https://www.googleapis.com/compute/v1/projects/tw-rd-de-finn/zones/asia-east1-a/instanceGroupManagers/gke-cluster-1-default-pool-e771a7b4-grp"
                ],
                "managed_instance_group_urls": [
                  "https://www.googleapis.com/compute/v1/projects/tw-rd-de-finn/zones/asia-east1-a/instanceGroups/gke-cluster-1-default-pool-e771a7b4-grp"
                ],
                "management": [
                  {
                    "auto_repair": true,
                    "auto_upgrade": true
                  }
                ],
                "max_pods_per_node": 110,
                "name": "default-pool",
                "name_prefix": "",
                "network_config": [
                  {
                    "additional_node_network_configs": [],
                    "additional_pod_network_configs": [],
                    "create_pod_range": false,
                    "enable_private_nodes": false,
                    "network_performance_config": [],
                    "pod_cidr_overprovision_config": [],
                    "pod_ipv4_cidr_block": "10.72.0.0/14",
                    "pod_range": "gke-cluster-1-pods-169685ab"
                  }
                ],
                "node_config": [
                  {
                    "advanced_machine_features": [
                      {
                        "enable_nested_virtualization": false,
                        "threads_per_core": 0
                      }
                    ],
                    "boot_disk_kms_key": "",
                    "confidential_nodes": [],
                    "containerd_config": [],
                    "disk_size_gb": 100,
                    "disk_type": "pd-balanced",
                    "effective_taints": [],
                    "enable_confidential_storage": false,
                    "ephemeral_storage_local_ssd_config": [],
                    "fast_socket": [],
                    "gcfs_config": [],
                    "guest_accelerator": [],
                    "gvnic": [],
                    "host_maintenance_policy": [],
                    "image_type": "COS_CONTAINERD",
                    "kubelet_config": [
                      {
                        "allowed_unsafe_sysctls": [],
                        "container_log_max_files": 0,
                        "container_log_max_size": "",
                        "cpu_cfs_quota": false,
                        "cpu_cfs_quota_period": "",
                        "cpu_manager_policy": "",
                        "image_gc_high_threshold_percent": 0,
                        "image_gc_low_threshold_percent": 0,
                        "image_maximum_gc_age": "",
                        "image_minimum_gc_age": "",
                        "insecure_kubelet_readonly_port_enabled": "TRUE",
                        "pod_pids_limit": 0
                      }
                    ],
                    "labels": {},
                    "linux_node_config": [],
                    "local_nvme_ssd_block_config": [],
                    "local_ssd_count": 0,
                    "local_ssd_encryption_mode": "",
                    "logging_variant": "DEFAULT",
                    "machine_type": "e2-medium",
                    "max_run_duration": "",
                    "metadata": {
                      "disable-legacy-endpoints": "true"
                    },
                    "min_cpu_platform": "",
                    "node_group": "",
                    "oauth_scopes": [
                      "https://www.googleapis.com/auth/devstorage.read_only",
                      "https://www.googleapis.com/auth/logging.write",
                      "https://www.googleapis.com/auth/monitoring",
                      "https://www.googleapis.com/auth/service.management.readonly",
                      "https://www.googleapis.com/auth/servicecontrol",
                      "https://www.googleapis.com/auth/trace.append"
                    ],
                    "preemptible": false,
                    "reservation_affinity": [],
                    "resource_labels": {
                      "goog-gke-node-pool-provisioning-model": "spot"
                    },
                    "resource_manager_tags": {},
                    "secondary_boot_disks": [],
                    "service_account": "default",
                    "shielded_instance_config": [
                      {
                        "enable_integrity_monitoring": true,
                        "enable_secure_boot": false
                      }
                    ],
                    "sole_tenant_config": [],
                    "spot": true,
                    "storage_pools": [],
                    "tags": [],
                    "taint": [],
                    "workload_metadata_config": []
                  }
                ],
                "node_count": 1,
                "node_locations": [
                  "asia-east1-a"
                ],
                "placement_policy": [],
                "queued_provisioning": [],
                "upgrade_settings": [
                  {
                    "blue_green_settings": [],
                    "max_surge": 1,
                    "max_unavailable": 0,
                    "strategy": "SURGE"
                  }
                ],
                "version": "1.31.5-gke.1233000"
              }
            ],
            "node_pool_auto_config": [],
            "node_pool_defaults": [
              {
                "node_config_defaults": [
                  {
                    "containerd_config": [],
                    "gcfs_config": [],
                    "insecure_kubelet_readonly_port_enabled": "FALSE",
                    "logging_variant": "DEFAULT"
                  }
                ]
              }
            ],
            "node_version": "1.31.5-gke.1233000",
            "notification_config": [
              {
                "pubsub": [
                  {
                    "enabled": false,
                    "filter": [],
                    "topic": ""
                  }
                ]
              }
            ],
            "operation": null,
            "private_cluster_config": [
              {
                "enable_private_endpoint": false,
                "enable_private_nodes": false,
                "master_global_access_config": [
                  {
                    "enabled": false
                  }
                ],
                "master_ipv4_cidr_block": "",
                "peering_name": "",
                "private_endpoint": "10.140.0.43",
                "private_endpoint_subnetwork": "",
                "public_endpoint": "35.229.241.187"
              }
            ],
            "private_ipv6_google_access": "",
            "project": "tw-rd-de-finn",
            "release_channel": [
              {
                "channel": "REGULAR"
              }
            ],
            "remove_default_node_pool": null,
            "resource_labels": {},
            "resource_usage_export_config": [],
            "secret_manager_config": [
              {
                "enabled": false
              }
            ],
            "security_posture_config": [
              {
                "mode": "BASIC",
                "vulnerability_mode": "VULNERABILITY_MODE_UNSPECIFIED"
              }
            ],
            "self_link": "https://container.googleapis.com/v1/projects/tw-rd-de-finn/zones/asia-east1-a/clusters/cluster-1",
            "service_external_ips_config": [
              {
                "enabled": false
              }
            ],
            "services_ipv4_cidr": "34.118.224.0/20",
            "subnetwork": "projects/tw-rd-de-finn/regions/asia-east1/subnetworks/default",
            "terraform_labels": {
              "goog-terraform-provisioned": "true"
            },
            "timeouts": null,
            "tpu_ipv4_cidr_block": "",
            "user_managed_keys_config": [],
            "vertical_pod_autoscaling": [],
            "workload_identity_config": []
          },
          "sensitive_attributes": [
            [
              {
                "type": "get_attr",
                "value": "master_auth"
              },
              {
                "type": "index",
                "value": {
                  "value": 0,
                  "type": "number"
                }
              },
              {
                "type": "get_attr",
                "value": "client_key"
              }
            ]
          ],
          "private": "eyJlMmJmYjczMC1lY2FhLTExZTYtOGY4OC0zNDM2M2JjN2M0YzAiOnsiY3JlYXRlIjoyNDAwMDAwMDAwMDAwLCJkZWxldGUiOjI0MDAwMDAwMDAwMDAsInJlYWQiOjI0MDAwMDAwMDAwMDAsInVwZGF0ZSI6MzYwMDAwMDAwMDAwMH0sInNjaGVtYV92ZXJzaW9uIjoiMiJ9"
        }
      ]
    }
  ],
  "check_results": null
}
