{
  "version": 4,
  "terraform_version": "1.9.8",
  "serial": 68,
  "lineage": "464a43b2-21cb-d709-c06b-3caaa7439118",
  "outputs": {},
  "resources": [
    {
      "mode": "data",
      "type": "google_client_config",
      "name": "default",
      "provider": "provider[\"registry.terraform.io/hashicorp/google\"]",
      "instances": [
        {
          "schema_version": 0,
          "attributes": {
            "access_token": "ya29.a0AeXRPp5y07PgIQSevixDhi5owImPRG_0rFLGjasxNBINz5ZhmI6shG3TT400bi1njaNongAn0k5icYHP0ceZqYdCMJMvP3kr6q9lv9v58HokVLVomqUmrg9D1ujxdN9X9U5URe8YinM-T3HvsuFD-RRqWRz_EBpiCeYfuxwgbQaCgYKAbsSARESFQHGX2MiSxqfsyMcyB2v--ZiuCUThg0177",
            "default_labels": {},
            "id": "projects//regions//zones/",
            "project": "",
            "region": "",
            "zone": ""
          },
          "sensitive_attributes": [
            [
              {
                "type": "get_attr",
                "value": "access_token"
              }
            ]
          ]
        }
      ]
    },
    {
      "mode": "managed",
      "type": "google_container_cluster",
      "name": "my_cluster",
      "provider": "provider[\"registry.terraform.io/hashicorp/google\"]",
      "instances": [
        {
          "schema_version": 2,
          "attributes": {
            "addons_config": [
              {
                "cloudrun_config": [],
                "config_connector_config": [],
                "dns_cache_config": [],
                "gce_persistent_disk_csi_driver_config": [
                  {
                    "enabled": true
                  }
                ],
                "gcp_filestore_csi_driver_config": [],
                "gcs_fuse_csi_driver_config": [
                  {
                    "enabled": true
                  }
                ],
                "gke_backup_agent_config": [],
                "horizontal_pod_autoscaling": [],
                "http_load_balancing": [],
                "network_policy_config": [
                  {
                    "disabled": true
                  }
                ],
                "parallelstore_csi_driver_config": [],
                "ray_operator_config": [],
                "stateful_ha_config": []
              }
            ],
            "allow_net_admin": null,
            "authenticator_groups_config": [],
            "binary_authorization": [
              {
                "enabled": false,
                "evaluation_mode": ""
              }
            ],
            "cluster_autoscaling": [
              {
                "auto_provisioning_defaults": [],
                "auto_provisioning_locations": [],
                "autoscaling_profile": "BALANCED",
                "enabled": false,
                "resource_limits": []
              }
            ],
            "cluster_ipv4_cidr": "10.92.0.0/14",
            "confidential_nodes": [],
            "control_plane_endpoints_config": [
              {
                "dns_endpoint_config": [
                  {
                    "allow_external_traffic": false,
                    "endpoint": "gke-6eda9acc75f34e5d945999cff74dcdc630a0-365750068155.asia-east1-a.gke.goog"
                  }
                ]
              }
            ],
            "cost_management_config": [],
            "database_encryption": [
              {
                "key_name": "",
                "state": "DECRYPTED"
              }
            ],
            "datapath_provider": "",
            "default_max_pods_per_node": 110,
            "default_snat_status": [
              {
                "disabled": false
              }
            ],
            "deletion_protection": false,
            "description": "",
            "dns_config": [],
            "effective_labels": {
              "goog-terraform-provisioned": "true"
            },
            "enable_autopilot": false,
            "enable_cilium_clusterwide_network_policy": false,
            "enable_fqdn_network_policy": false,
            "enable_intranode_visibility": false,
            "enable_k8s_beta_apis": [],
            "enable_kubernetes_alpha": false,
            "enable_l4_ilb_subsetting": false,
            "enable_legacy_abac": false,
            "enable_multi_networking": false,
            "enable_shielded_nodes": true,
            "enable_tpu": false,
            "endpoint": "34.81.39.32",
            "enterprise_config": [
              {
                "cluster_tier": "STANDARD",
                "desired_tier": ""
              }
            ],
            "fleet": [],
            "gateway_api_config": [],
            "id": "projects/tw-rd-de-finn/locations/asia-east1-a/clusters/cluster-1",
            "identity_service_config": [],
            "initial_node_count": 3,
            "ip_allocation_policy": [
              {
                "additional_pod_ranges_config": [],
                "cluster_ipv4_cidr_block": "10.92.0.0/14",
                "cluster_secondary_range_name": "gke-cluster-1-pods-6eda9acc",
                "pod_cidr_overprovision_config": [
                  {
                    "disabled": false
                  }
                ],
                "services_ipv4_cidr_block": "34.118.224.0/20",
                "services_secondary_range_name": "",
                "stack_type": "IPV4"
              }
            ],
            "label_fingerprint": "78cdf2f6",
            "location": "asia-east1-a",
            "logging_config": [
              {
                "enable_components": [
                  "SYSTEM_COMPONENTS",
                  "WORKLOADS"
                ]
              }
            ],
            "logging_service": "logging.googleapis.com/kubernetes",
            "maintenance_policy": [],
            "master_auth": [
              {
                "client_certificate": "",
                "client_certificate_config": [
                  {
                    "issue_client_certificate": false
                  }
                ],
                "client_key": "",
                "cluster_ca_certificate": "LS0tLS1CRUdJTiBDRVJUSUZJQ0FURS0tLS0tCk1JSUVMVENDQXBXZ0F3SUJBZ0lSQU4zeUFZS29QRDhTcFpVSVJjbVRRSjh3RFFZSktvWklodmNOQVFFTEJRQXcKTHpFdE1Dc0dBMVVFQXhNa1pUZGtOV1l5WXpNdFpXUXlOaTAwTnpNNExXSmhNR0V0TlRFeVltVmpNR00xTkdabQpNQ0FYRFRJMU1ETXhOakF6TlRBd01Wb1lEekl3TlRVd016QTVNRFExTURBeFdqQXZNUzB3S3dZRFZRUURFeVJsCk4yUTFaakpqTXkxbFpESTJMVFEzTXpndFltRXdZUzAxTVRKaVpXTXdZelUwWm1Zd2dnR2lNQTBHQ1NxR1NJYjMKRFFFQkFRVUFBNElCandBd2dnR0tBb0lCZ1FDdVZ5VXZqZDU3WFFDN2VnNlQvQ2RSUWtqMTNJM0d0UHlrN1FicQpRbkErUStqV3M5MWZsaFJwUi8zb0hRTzAvaFZaZWwzUlNJdDVieWFzL2dvYjVZM3oxcUgxK0dqbG5USW16SVRoCnd5WWVjZXhxU3BCbTY0VTFtcmFJZUVkamVVaEVYcDcxMHZFck15WktTUHVYVTlmcFhjLy9KVVlYWk5mM1VlT0IKUjJnOXdRSlc3aERWRmhPRDQ4SFFCVWJZN0JkWCs4VVE5dDhOd3EyeWcvTExRNDMyd3krSWdMajlvN2Iyb0pzTQprdzhyZDRkVDBqQkNNa24wR08rTm8wNk9RR2tab3poM2NZcUFlMHI2akRKektqaDkzdWhpYitRMWVBb1F1QTJLClFiNXNGU0hld2txZ1k1US9RZUZFVExlbXBPczVXalV0elJRdUt4NStEUWxBTEppU2JVREZMdFRVZVo0ZGx4ZU8KRERrVG9wdEwzYVZEMCt5S25ucGdLOG9TendVRXRYKy9uRWJSUzZOdGNocEt3VTJUYTYwSmkwbnFUMzVTWUtqZQpVUUR3SXBTYjB2RGJVOXZBK2xyYmgvZnhtdGNKQ2JNSnZTR3lNVHViRzYvVENUR1ZGM2taNi9YaVo1WTE0QnRhClRjT0cwNDBmNmU0RVRUWlJOY21IM0J5ZFJuOENBd0VBQWFOQ01FQXdEZ1lEVlIwUEFRSC9CQVFEQWdJRU1BOEcKQTFVZEV3RUIvd1FGTUFNQkFmOHdIUVlEVlIwT0JCWUVGRmxaaHRPQmd4c1hOb3dzbGFaRUcyTWs5MlJqTUEwRwpDU3FHU0liM0RRRUJDd1VBQTRJQmdRQjVPaU5qMWE1QURuc2ZGQ1dva1paaEY3Q0Q5WFRkc3NtM1FlODVqTmw4CjloRWtFZWpmVDMrRFdZMlBNc05zZzFEKzJ6MDlqbk42andCa2xkTzJhZnRSbittZldubkdLV3hZTzNybmhVcHEKSUxTR1lBaVJNSDlLVVVKYTI2cStFbmZWcFZ5SWdZLzJEalVubE9abnpDRGliOFpsZldndTROaFl4ak81QW9NQwozNXFGd000VWtEeWJrNm5sMGxHRHZ1WUp4clZGWUVLekt4Q0FERndtYjB4bjBHNUFFdkxnQWhXWk9KNEQ5Slc4CjFtR3JTNDZRSGlIc0h0MHN0allpbkg2MmVsR1V2VEg5c1hRSkhDSUFONGFYL2s2NjEra2V5UE91SkJ6cTBCSkgKbjRBZDAwUDJhQW1OT1RYeGFHYkVENHRnSTY5TURTa1RnVU9yek9nSXNwRDF3R2lOMkdtcG82b0xiSHFOVGVVMwplSHZ1Wk9pNDFPcHBWRmJ1U1lrSHJ0Z1p2YW9hVExNRWhtOW9tUXRrbDE1Q0NkM1Fhd2ZISTliSFRqNFZ5MUF2CnpDdG9oZ2tXTnhXYVlOOUorZjEzRGpiN2ZsU2ZQeENSTUlZYkNub20zOFFJMEVNeG5meGhJUFRnYUVoY0J6RXYKaU5jL1d4MFEwNjVQWkdjY2plemVOZms9Ci0tLS0tRU5EIENFUlRJRklDQVRFLS0tLS0K"
              }
            ],
            "master_authorized_networks_config": [
              {
                "cidr_blocks": [
                  {
                    "cidr_block": "125.227.248.241/32",
                    "display_name": "cm"
                  },
                  {
                    "cidr_block": "180.177.8.10/32",
                    "display_name": "home"
                  },
                  {
                    "cidr_block": "42.77.243.251/32",
                    "display_name": "mobile"
                  }
                ],
                "gcp_public_cidrs_access_enabled": false,
                "private_endpoint_enforcement_enabled": false
              }
            ],
            "master_version": "1.31.6-gke.1020000",
            "mesh_certificates": [],
            "min_master_version": null,
            "monitoring_config": [
              {
                "advanced_datapath_observability_config": [
                  {
                    "enable_metrics": false,
                    "enable_relay": false
                  }
                ],
                "enable_components": [
                  "SYSTEM_COMPONENTS",
                  "STORAGE",
                  "POD",
                  "DEPLOYMENT",
                  "STATEFULSET",
                  "DAEMONSET",
                  "HPA",
                  "CADVISOR",
                  "KUBELET"
                ],
                "managed_prometheus": [
                  {
                    "enabled": true
                  }
                ]
              }
            ],
            "monitoring_service": "monitoring.googleapis.com/kubernetes",
            "name": "cluster-1",
            "network": "projects/tw-rd-de-finn/global/networks/default",
            "network_policy": [
              {
                "enabled": false,
                "provider": "PROVIDER_UNSPECIFIED"
              }
            ],
            "networking_mode": "VPC_NATIVE",
            "node_config": [
              {
                "advanced_machine_features": [
                  {
                    "enable_nested_virtualization": false,
                    "threads_per_core": 0
                  }
                ],
                "boot_disk_kms_key": "",
                "confidential_nodes": [],
                "containerd_config": [],
                "disk_size_gb": 100,
                "disk_type": "pd-balanced",
                "effective_taints": [],
                "enable_confidential_storage": false,
                "ephemeral_storage_local_ssd_config": [],
                "fast_socket": [],
                "gcfs_config": [],
                "guest_accelerator": [],
                "gvnic": [],
                "host_maintenance_policy": [],
                "image_type": "COS_CONTAINERD",
                "kubelet_config": [
                  {
                    "allowed_unsafe_sysctls": [],
                    "container_log_max_files": 0,
                    "container_log_max_size": "",
                    "cpu_cfs_quota": false,
                    "cpu_cfs_quota_period": "",
                    "cpu_manager_policy": "",
                    "image_gc_high_threshold_percent": 0,
                    "image_gc_low_threshold_percent": 0,
                    "image_maximum_gc_age": "",
                    "image_minimum_gc_age": "",
                    "insecure_kubelet_readonly_port_enabled": "TRUE",
                    "pod_pids_limit": 0
                  }
                ],
                "labels": {},
                "linux_node_config": [],
                "local_nvme_ssd_block_config": [],
                "local_ssd_count": 0,
                "local_ssd_encryption_mode": "",
                "logging_variant": "DEFAULT",
                "machine_type": "n2-standard-2",
                "max_run_duration": "",
                "metadata": {
                  "disable-legacy-endpoints": "true"
                },
                "min_cpu_platform": "",
                "node_group": "",
                "oauth_scopes": [
                  "https://www.googleapis.com/auth/devstorage.read_only",
                  "https://www.googleapis.com/auth/logging.write",
                  "https://www.googleapis.com/auth/monitoring",
                  "https://www.googleapis.com/auth/service.management.readonly",
                  "https://www.googleapis.com/auth/servicecontrol",
                  "https://www.googleapis.com/auth/trace.append"
                ],
                "preemptible": false,
                "reservation_affinity": [],
                "resource_labels": {
                  "goog-gke-node-pool-provisioning-model": "spot"
                },
                "resource_manager_tags": null,
                "secondary_boot_disks": [],
                "service_account": "default",
                "shielded_instance_config": [
                  {
                    "enable_integrity_monitoring": true,
                    "enable_secure_boot": false
                  }
                ],
                "sole_tenant_config": [],
                "spot": true,
                "storage_pools": [],
                "tags": [],
                "taint": [],
                "workload_metadata_config": [
                  {
                    "mode": "GKE_METADATA"
                  }
                ]
              }
            ],
            "node_locations": [],
            "node_pool": [
              {
                "autoscaling": [],
                "initial_node_count": 3,
                "instance_group_urls": [
                  "https://www.googleapis.com/compute/v1/projects/tw-rd-de-finn/zones/asia-east1-a/instanceGroupManagers/gke-cluster-1-default-pool-7853acd2-grp"
                ],
                "managed_instance_group_urls": [
                  "https://www.googleapis.com/compute/v1/projects/tw-rd-de-finn/zones/asia-east1-a/instanceGroups/gke-cluster-1-default-pool-7853acd2-grp"
                ],
                "management": [
                  {
                    "auto_repair": true,
                    "auto_upgrade": true
                  }
                ],
                "max_pods_per_node": 110,
                "name": "default-pool",
                "name_prefix": "",
                "network_config": [
                  {
                    "additional_node_network_configs": [],
                    "additional_pod_network_configs": [],
                    "create_pod_range": false,
                    "enable_private_nodes": false,
                    "network_performance_config": [],
                    "pod_cidr_overprovision_config": [],
                    "pod_ipv4_cidr_block": "10.92.0.0/14",
                    "pod_range": "gke-cluster-1-pods-6eda9acc"
                  }
                ],
                "node_config": [
                  {
                    "advanced_machine_features": [
                      {
                        "enable_nested_virtualization": false,
                        "threads_per_core": 0
                      }
                    ],
                    "boot_disk_kms_key": "",
                    "confidential_nodes": [],
                    "containerd_config": [],
                    "disk_size_gb": 100,
                    "disk_type": "pd-balanced",
                    "effective_taints": [],
                    "enable_confidential_storage": false,
                    "ephemeral_storage_local_ssd_config": [],
                    "fast_socket": [],
                    "gcfs_config": [],
                    "guest_accelerator": [],
                    "gvnic": [],
                    "host_maintenance_policy": [],
                    "image_type": "COS_CONTAINERD",
                    "kubelet_config": [
                      {
                        "allowed_unsafe_sysctls": [],
                        "container_log_max_files": 0,
                        "container_log_max_size": "",
                        "cpu_cfs_quota": false,
                        "cpu_cfs_quota_period": "",
                        "cpu_manager_policy": "",
                        "image_gc_high_threshold_percent": 0,
                        "image_gc_low_threshold_percent": 0,
                        "image_maximum_gc_age": "",
                        "image_minimum_gc_age": "",
                        "insecure_kubelet_readonly_port_enabled": "TRUE",
                        "pod_pids_limit": 0
                      }
                    ],
                    "labels": {},
                    "linux_node_config": [],
                    "local_nvme_ssd_block_config": [],
                    "local_ssd_count": 0,
                    "local_ssd_encryption_mode": "",
                    "logging_variant": "DEFAULT",
                    "machine_type": "n2-standard-2",
                    "max_run_duration": "",
                    "metadata": {
                      "disable-legacy-endpoints": "true"
                    },
                    "min_cpu_platform": "",
                    "node_group": "",
                    "oauth_scopes": [
                      "https://www.googleapis.com/auth/devstorage.read_only",
                      "https://www.googleapis.com/auth/logging.write",
                      "https://www.googleapis.com/auth/monitoring",
                      "https://www.googleapis.com/auth/service.management.readonly",
                      "https://www.googleapis.com/auth/servicecontrol",
                      "https://www.googleapis.com/auth/trace.append"
                    ],
                    "preemptible": false,
                    "reservation_affinity": [],
                    "resource_labels": {
                      "goog-gke-node-pool-provisioning-model": "spot"
                    },
                    "resource_manager_tags": {},
                    "secondary_boot_disks": [],
                    "service_account": "default",
                    "shielded_instance_config": [
                      {
                        "enable_integrity_monitoring": true,
                        "enable_secure_boot": false
                      }
                    ],
                    "sole_tenant_config": [],
                    "spot": true,
                    "storage_pools": [],
                    "tags": [],
                    "taint": [],
                    "workload_metadata_config": [
                      {
                        "mode": "GKE_METADATA"
                      }
                    ]
                  }
                ],
                "node_count": 3,
                "node_locations": [
                  "asia-east1-a"
                ],
                "placement_policy": [],
                "queued_provisioning": [],
                "upgrade_settings": [
                  {
                    "blue_green_settings": [],
                    "max_surge": 1,
                    "max_unavailable": 0,
                    "strategy": "SURGE"
                  }
                ],
                "version": "1.31.6-gke.1020000"
              }
            ],
            "node_pool_auto_config": [],
            "node_pool_defaults": [
              {
                "node_config_defaults": [
                  {
                    "containerd_config": [],
                    "gcfs_config": [],
                    "insecure_kubelet_readonly_port_enabled": "FALSE",
                    "logging_variant": "DEFAULT"
                  }
                ]
              }
            ],
            "node_version": "1.31.6-gke.1020000",
            "notification_config": [
              {
                "pubsub": [
                  {
                    "enabled": false,
                    "filter": [],
                    "topic": ""
                  }
                ]
              }
            ],
            "operation": null,
            "private_cluster_config": [
              {
                "enable_private_endpoint": false,
                "enable_private_nodes": false,
                "master_global_access_config": [
                  {
                    "enabled": false
                  }
                ],
                "master_ipv4_cidr_block": "",
                "peering_name": "",
                "private_endpoint": "10.140.0.60",
                "private_endpoint_subnetwork": "",
                "public_endpoint": "34.81.39.32"
              }
            ],
            "private_ipv6_google_access": "",
            "project": "tw-rd-de-finn",
            "release_channel": [
              {
                "channel": "REGULAR"
              }
            ],
            "remove_default_node_pool": null,
            "resource_labels": null,
            "resource_usage_export_config": [],
            "secret_manager_config": [
              {
                "enabled": false
              }
            ],
            "security_posture_config": [
              {
                "mode": "BASIC",
                "vulnerability_mode": "VULNERABILITY_MODE_UNSPECIFIED"
              }
            ],
            "self_link": "https://container.googleapis.com/v1/projects/tw-rd-de-finn/zones/asia-east1-a/clusters/cluster-1",
            "service_external_ips_config": [
              {
                "enabled": false
              }
            ],
            "services_ipv4_cidr": "34.118.224.0/20",
            "subnetwork": "projects/tw-rd-de-finn/regions/asia-east1/subnetworks/default",
            "terraform_labels": {
              "goog-terraform-provisioned": "true"
            },
            "timeouts": null,
            "tpu_ipv4_cidr_block": "",
            "user_managed_keys_config": [],
            "vertical_pod_autoscaling": [],
            "workload_identity_config": [
              {
                "workload_pool": "tw-rd-de-finn.svc.id.goog"
              }
            ]
          },
          "sensitive_attributes": [
            [
              {
                "type": "get_attr",
                "value": "master_auth"
              },
              {
                "type": "index",
                "value": {
                  "value": 0,
                  "type": "number"
                }
              },
              {
                "type": "get_attr",
                "value": "client_key"
              }
            ]
          ],
          "private": "eyJlMmJmYjczMC1lY2FhLTExZTYtOGY4OC0zNDM2M2JjN2M0YzAiOnsiY3JlYXRlIjoyNDAwMDAwMDAwMDAwLCJkZWxldGUiOjI0MDAwMDAwMDAwMDAsInJlYWQiOjI0MDAwMDAwMDAwMDAsInVwZGF0ZSI6MzYwMDAwMDAwMDAwMH0sInNjaGVtYV92ZXJzaW9uIjoiMiJ9"
        }
      ]
    },
    {
      "mode": "managed",
      "type": "google_container_node_pool",
      "name": "my_nodes",
      "provider": "provider[\"registry.terraform.io/hashicorp/google\"]",
      "instances": [
        {
          "schema_version": 1,
          "attributes": {
            "autoscaling": [
              {
                "location_policy": "ANY",
                "max_node_count": 0,
                "min_node_count": 0,
                "total_max_node_count": 5,
                "total_min_node_count": 0
              }
            ],
            "cluster": "cluster-1",
            "id": "projects/tw-rd-de-finn/locations/asia-east1-a/clusters/cluster-1/nodePools/default-pool",
            "initial_node_count": 3,
            "instance_group_urls": [
              "https://www.googleapis.com/compute/v1/projects/tw-rd-de-finn/zones/asia-east1-a/instanceGroupManagers/gke-cluster-1-default-pool-7853acd2-grp"
            ],
            "location": "asia-east1-a",
            "managed_instance_group_urls": [
              "https://www.googleapis.com/compute/v1/projects/tw-rd-de-finn/zones/asia-east1-a/instanceGroups/gke-cluster-1-default-pool-7853acd2-grp"
            ],
            "management": [
              {
                "auto_repair": true,
                "auto_upgrade": true
              }
            ],
            "max_pods_per_node": 110,
            "name": "default-pool",
            "name_prefix": "",
            "network_config": [
              {
                "additional_node_network_configs": [],
                "additional_pod_network_configs": [],
                "create_pod_range": false,
                "enable_private_nodes": false,
                "network_performance_config": [],
                "pod_cidr_overprovision_config": [],
                "pod_ipv4_cidr_block": "10.92.0.0/14",
                "pod_range": "gke-cluster-1-pods-6eda9acc"
              }
            ],
            "node_config": [
              {
                "advanced_machine_features": [
                  {
                    "enable_nested_virtualization": false,
                    "threads_per_core": 0
                  }
                ],
                "boot_disk_kms_key": "",
                "confidential_nodes": [],
                "containerd_config": [],
                "disk_size_gb": 100,
                "disk_type": "pd-balanced",
                "effective_taints": [],
                "enable_confidential_storage": false,
                "ephemeral_storage_local_ssd_config": [],
                "fast_socket": [],
                "gcfs_config": [],
                "guest_accelerator": [],
                "gvnic": [],
                "host_maintenance_policy": [],
                "image_type": "COS_CONTAINERD",
                "kubelet_config": [
                  {
                    "allowed_unsafe_sysctls": [],
                    "container_log_max_files": 0,
                    "container_log_max_size": "",
                    "cpu_cfs_quota": false,
                    "cpu_cfs_quota_period": "",
                    "cpu_manager_policy": "",
                    "image_gc_high_threshold_percent": 0,
                    "image_gc_low_threshold_percent": 0,
                    "image_maximum_gc_age": "",
                    "image_minimum_gc_age": "",
                    "insecure_kubelet_readonly_port_enabled": "TRUE",
                    "pod_pids_limit": 0
                  }
                ],
                "labels": {},
                "linux_node_config": [],
                "local_nvme_ssd_block_config": [],
                "local_ssd_count": 0,
                "local_ssd_encryption_mode": "",
                "logging_variant": "DEFAULT",
                "machine_type": "n2-standard-2",
                "max_run_duration": "",
                "metadata": {
                  "disable-legacy-endpoints": "true"
                },
                "min_cpu_platform": "",
                "node_group": "",
                "oauth_scopes": [
                  "https://www.googleapis.com/auth/devstorage.read_only",
                  "https://www.googleapis.com/auth/logging.write",
                  "https://www.googleapis.com/auth/monitoring",
                  "https://www.googleapis.com/auth/service.management.readonly",
                  "https://www.googleapis.com/auth/servicecontrol",
                  "https://www.googleapis.com/auth/trace.append"
                ],
                "preemptible": false,
                "reservation_affinity": [],
                "resource_labels": {
                  "goog-gke-node-pool-provisioning-model": "spot"
                },
                "resource_manager_tags": {},
                "secondary_boot_disks": [],
                "service_account": "default",
                "shielded_instance_config": [
                  {
                    "enable_integrity_monitoring": true,
                    "enable_secure_boot": false
                  }
                ],
                "sole_tenant_config": [],
                "spot": true,
                "storage_pools": [],
                "tags": [],
                "taint": [],
                "workload_metadata_config": [
                  {
                    "mode": "GKE_METADATA"
                  }
                ]
              }
            ],
            "node_count": 2,
            "node_locations": [
              "asia-east1-a"
            ],
            "operation": null,
            "placement_policy": [],
            "project": "tw-rd-de-finn",
            "queued_provisioning": [],
            "timeouts": null,
            "upgrade_settings": [
              {
                "blue_green_settings": [],
                "max_surge": 1,
                "max_unavailable": 0,
                "strategy": "SURGE"
              }
            ],
            "version": "1.31.6-gke.1020000"
          },
          "sensitive_attributes": [],
          "private": "eyJlMmJmYjczMC1lY2FhLTExZTYtOGY4OC0zNDM2M2JjN2M0YzAiOnsiY3JlYXRlIjoxODAwMDAwMDAwMDAwLCJkZWxldGUiOjE4MDAwMDAwMDAwMDAsInVwZGF0ZSI6MTgwMDAwMDAwMDAwMH0sInNjaGVtYV92ZXJzaW9uIjoiMSJ9"
        }
      ]
    },
    {
      "mode": "managed",
      "type": "google_service_account_iam_binding",
      "name": "gke_workload_identity",
      "provider": "provider[\"registry.terraform.io/hashicorp/google\"]",
      "instances": [
        {
          "schema_version": 0,
          "attributes": {
            "condition": [],
            "etag": "BwYwboItwek=",
            "id": "projects/tw-rd-de-finn/serviceAccounts/365750068155-compute@developer.gserviceaccount.com/roles/iam.workloadIdentityUser",
            "members": [
              "serviceAccount:tw-rd-de-finn.svc.id.goog[default/default]"
            ],
            "role": "roles/iam.workloadIdentityUser",
            "service_account_id": "projects/tw-rd-de-finn/serviceAccounts/365750068155-compute@developer.gserviceaccount.com"
          },
          "sensitive_attributes": [],
          "private": "bnVsbA==",
          "dependencies": [
            "google_container_cluster.my_cluster"
          ]
        }
      ]
    },
    {
      "mode": "managed",
      "type": "kubernetes_service_account",
      "name": "spark",
      "provider": "provider[\"registry.terraform.io/hashicorp/kubernetes\"]",
      "instances": [
        {
          "schema_version": 0,
          "attributes": {
            "automount_service_account_token": true,
            "default_secret_name": "",
            "id": "default/spark",
            "image_pull_secret": [],
            "metadata": [
              {
                "annotations": null,
                "generate_name": "",
                "generation": 0,
                "labels": null,
                "name": "spark",
                "namespace": "default",
                "resource_version": "2597",
                "uid": "f6498ec2-ec62-48a2-911b-00d02a282530"
              }
            ],
            "secret": [],
            "timeouts": null
          },
          "sensitive_attributes": [],
          "private": "eyJlMmJmYjczMC1lY2FhLTExZTYtOGY4OC0zNDM2M2JjN2M0YzAiOnsiY3JlYXRlIjozMDAwMDAwMDAwMH19",
          "dependencies": [
            "data.google_client_config.default",
            "google_container_cluster.my_cluster"
          ]
        }
      ]
    }
  ],
  "check_results": null
}
